
Microsoft Visual Studio Solution File, Format Version 12.00
# Visual Studio Version 17
VisualStudioVersion = 17.1.32210.238
MinimumVisualStudioVersion = 10.0.40219.1
Project("{FAE04EC0-301F-11D3-BF4B-00C04F79EFBC}") = "DogGo", "DogGo\DogGo.csproj", "{C1C694AF-407D-497F-AD4C-2238C6A8AE84}"
EndProject
Global
	GlobalSection(SolutionConfigurationPlatforms) = preSolution
		Debug|Any CPU = Debug|Any CPU
		Release|Any CPU = Release|Any CPU
	EndGlobalSection
	GlobalSection(ProjectConfigurationPlatforms) = postSolution
		{C1C694AF-407D-497F-AD4C-2238C6A8AE84}.Debug|Any CPU.ActiveCfg = Debug|Any CPU
		{C1C694AF-407D-497F-AD4C-2238C6A8AE84}.Debug|Any CPU.Build.0 = Debug|Any CPU
		{C1C694AF-407D-497F-AD4C-2238C6A8AE84}.Release|Any CPU.ActiveCfg = Release|Any CPU
		{C1C694AF-407D-497F-AD4C-2238C6A8AE84}.Release|Any CPU.Build.0 = Release|Any CPU
	EndGlobalSection
	GlobalSection(SolutionProperties) = preSolution
		HideSolutionNode = FALSE
	EndGlobalSection
	GlobalSection(ExtensibilityGlobals) = postSolution
		SolutionGuid = {9D6E26B3-0C3D-4D46-830D-477A77DC867B}
	EndGlobalSection
EndGlobal
